Microsoft Visual Studio Solution File, Format Version 12.00
# Visual Studio Version 17
VisualStudioVersion = 17.5.2.0
MinimumVisualStudioVersion = 10.0.40219.1
Project("{FAE04EC0-301F-11D3-BF4B-00C04F79EFBC}") = "Dlq.MoveBackToMainQueue", "Dlq.MoveBackToMainQueue.csproj", "{7BBEC0F4-7CB7-B06F-A420-5AD1204461A6}"
EndProject
Global
	GlobalSection(SolutionConfigurationPlatforms) = preSolution
		Debug|Any CPU = Debug|Any CPU
		Release|Any CPU = Release|Any CPU
	EndGlobalSection
	GlobalSection(ProjectConfigurationPlatforms) = postSolution
		{7BBEC0F4-7CB7-B06F-A420-5AD1204461A6}.Debug|Any CPU.ActiveCfg = Debug|Any CPU
		{7BBEC0F4-7CB7-B06F-A420-5AD1204461A6}.Debug|Any CPU.Build.0 = Debug|Any CPU
		{7BBEC0F4-7CB7-B06F-A420-5AD1204461A6}.Release|Any CPU.ActiveCfg = Release|Any CPU
		{7BBEC0F4-7CB7-B06F-A420-5AD1204461A6}.Release|Any CPU.Build.0 = Release|Any CPU
	EndGlobalSection
	GlobalSection(SolutionProperties) = preSolution
		HideSolutionNode = FALSE
	EndGlobalSection
	GlobalSection(ExtensibilityGlobals) = postSolution
		SolutionGuid = {A464D074-1729-4E9A-8B67-CAEC362E3DFB}
	EndGlobalSection
EndGlobal
